
Microsoft Visual Studio Solution File, Format Version 12.00
# Visual Studio 2013
VisualStudioVersion = 12.0.21005.1
MinimumVisualStudioVersion = 10.0.40219.1
Project("{FAE04EC0-301F-11D3-BF4B-00C04F79EFBC}") = "Nitin.Sms.Api", "..\Nitin.Sms.Api\Nitin.Sms.Api.csproj", "{DFC675BE-3ABD-4849-8818-4968EC79CDF0}"
EndProject
Project("{FAE04EC0-301F-11D3-BF4B-00C04F79EFBC}") = "Api.Client", "..\Api.Client\Api.Client.csproj", "{C425BDD2-EF17-4048-9EAE-5ACA3CC6904A}"
EndProject
Global
	GlobalSection(TeamFoundationVersionControl) = preSolution
		SccNumberOfProjects = 3
		SccEnterpriseProvider = {4CA58AB2-18FA-4F8D-95D4-32DDF27D184C}
		SccTeamFoundationServer = https://tfs.codeplex.com/tfs/tfs30
		SccLocalPath0 = .
		SccProjectUniqueName1 = ..\\Nitin.Sms.Api\\Nitin.Sms.Api.csproj
		SccProjectName1 = ../Nitin.Sms.Api
		SccLocalPath1 = ..\\Nitin.Sms.Api
		SccProjectUniqueName2 = ..\\Api.Client\\Api.Client.csproj
		SccProjectName2 = ../Api.Client
		SccLocalPath2 = ..\\Api.Client
	EndGlobalSection
	GlobalSection(SolutionConfigurationPlatforms) = preSolution
		Debug|Any CPU = Debug|Any CPU
		Release|Any CPU = Release|Any CPU
	EndGlobalSection
	GlobalSection(ProjectConfigurationPlatforms) = postSolution
		{DFC675BE-3ABD-4849-8818-4968EC79CDF0}.Debug|Any CPU.ActiveCfg = Debug|Any CPU
		{DFC675BE-3ABD-4849-8818-4968EC79CDF0}.Debug|Any CPU.Build.0 = Debug|Any CPU
		{DFC675BE-3ABD-4849-8818-4968EC79CDF0}.Release|Any CPU.ActiveCfg = Release|Any CPU
		{DFC675BE-3ABD-4849-8818-4968EC79CDF0}.Release|Any CPU.Build.0 = Release|Any CPU
		{C425BDD2-EF17-4048-9EAE-5ACA3CC6904A}.Debug|Any CPU.ActiveCfg = Debug|Any CPU
		{C425BDD2-EF17-4048-9EAE-5ACA3CC6904A}.Debug|Any CPU.Build.0 = Debug|Any CPU
		{C425BDD2-EF17-4048-9EAE-5ACA3CC6904A}.Release|Any CPU.ActiveCfg = Release|Any CPU
		{C425BDD2-EF17-4048-9EAE-5ACA3CC6904A}.Release|Any CPU.Build.0 = Release|Any CPU
	EndGlobalSection
	GlobalSection(SolutionProperties) = preSolution
		HideSolutionNode = FALSE
	EndGlobalSection
EndGlobal
